
Microsoft Visual Studio Solution File, Format Version 12.00
# Visual Studio Version 16
VisualStudioVersion = 16.0.31129.286
MinimumVisualStudioVersion = 10.0.40219.1
Project("{FAE04EC0-301F-11D3-BF4B-00C04F79EFBC}") = "GP-Project", "GP-Project\GP-Project.csproj", "{72007A8B-71A0-4834-8D66-C7513E1A8575}"
EndProject
Global
	GlobalSection(SolutionConfigurationPlatforms) = preSolution
		Debug|Any CPU = Debug|Any CPU
		Release|Any CPU = Release|Any CPU
	EndGlobalSection
	GlobalSection(ProjectConfigurationPlatforms) = postSolution
		{72007A8B-71A0-4834-8D66-C7513E1A8575}.Debug|Any CPU.ActiveCfg = Debug|Any CPU
		{72007A8B-71A0-4834-8D66-C7513E1A8575}.Debug|Any CPU.Build.0 = Debug|Any CPU
		{72007A8B-71A0-4834-8D66-C7513E1A8575}.Release|Any CPU.ActiveCfg = Release|Any CPU
		{72007A8B-71A0-4834-8D66-C7513E1A8575}.Release|Any CPU.Build.0 = Release|Any CPU
	EndGlobalSection
	GlobalSection(SolutionProperties) = preSolution
		HideSolutionNode = FALSE
	EndGlobalSection
	GlobalSection(ExtensibilityGlobals) = postSolution
		SolutionGuid = {AE0E431E-3408-44F7-AF66-7AE53C0350DE}
	EndGlobalSection
EndGlobal
